
Microsoft Visual Studio Solution File, Format Version 12.00
# Visual Studio Version 16
VisualStudioVersion = 16.0.33927.289
MinimumVisualStudioVersion = 10.0.40219.1
Project("{FAE04EC0-301F-11D3-BF4B-00C04F79EFBC}") = "Minta_GUI", "Minta_GUI\Minta_GUI.csproj", "{AFB76CD8-9DBD-4C94-A5DA-257EBA56978E}"
EndProject
Global
	GlobalSection(SolutionConfigurationPlatforms) = preSolution
		Debug|Any CPU = Debug|Any CPU
		Release|Any CPU = Release|Any CPU
	EndGlobalSection
	GlobalSection(ProjectConfigurationPlatforms) = postSolution
		{AFB76CD8-9DBD-4C94-A5DA-257EBA56978E}.Debug|Any CPU.ActiveCfg = Debug|Any CPU
		{AFB76CD8-9DBD-4C94-A5DA-257EBA56978E}.Debug|Any CPU.Build.0 = Debug|Any CPU
		{AFB76CD8-9DBD-4C94-A5DA-257EBA56978E}.Release|Any CPU.ActiveCfg = Release|Any CPU
		{AFB76CD8-9DBD-4C94-A5DA-257EBA56978E}.Release|Any CPU.Build.0 = Release|Any CPU
	EndGlobalSection
	GlobalSection(SolutionProperties) = preSolution
		HideSolutionNode = FALSE
	EndGlobalSection
	GlobalSection(ExtensibilityGlobals) = postSolution
		SolutionGuid = {EEC8BF1E-FB6C-4086-A542-4FEF3BB63D4D}
	EndGlobalSection
EndGlobal
