
Microsoft Visual Studio Solution File, Format Version 12.00
# Visual Studio Version 16
VisualStudioVersion = 16.0.33927.289
MinimumVisualStudioVersion = 10.0.40219.1
Project("{FAE04EC0-301F-11D3-BF4B-00C04F79EFBC}") = "Jarmuvek", "Jarmuvek\Jarmuvek.csproj", "{A3ECEEC7-DCCD-46A8-9658-4AC3253B0363}"
EndProject
Global
	GlobalSection(SolutionConfigurationPlatforms) = preSolution
		Debug|Any CPU = Debug|Any CPU
		Release|Any CPU = Release|Any CPU
	EndGlobalSection
	GlobalSection(ProjectConfigurationPlatforms) = postSolution
		{A3ECEEC7-DCCD-46A8-9658-4AC3253B0363}.Debug|Any CPU.ActiveCfg = Debug|Any CPU
		{A3ECEEC7-DCCD-46A8-9658-4AC3253B0363}.Debug|Any CPU.Build.0 = Debug|Any CPU
		{A3ECEEC7-DCCD-46A8-9658-4AC3253B0363}.Release|Any CPU.ActiveCfg = Release|Any CPU
		{A3ECEEC7-DCCD-46A8-9658-4AC3253B0363}.Release|Any CPU.Build.0 = Release|Any CPU
	EndGlobalSection
	GlobalSection(SolutionProperties) = preSolution
		HideSolutionNode = FALSE
	EndGlobalSection
	GlobalSection(ExtensibilityGlobals) = postSolution
		SolutionGuid = {63815442-5A09-4A59-9A53-EC62D50CEE5B}
	EndGlobalSection
EndGlobal
