
Microsoft Visual Studio Solution File, Format Version 12.00
# Visual Studio Version 16
VisualStudioVersion = 16.0.33927.289
MinimumVisualStudioVersion = 10.0.40219.1
Project("{FAE04EC0-301F-11D3-BF4B-00C04F79EFBC}") = "UGYNOKSEG_11-05", "UGYNOKSEG_11-05\UGYNOKSEG_11-05.csproj", "{48E3BBEC-249B-4357-91FA-3734C2F741D0}"
EndProject
Global
	GlobalSection(SolutionConfigurationPlatforms) = preSolution
		Debug|Any CPU = Debug|Any CPU
		Release|Any CPU = Release|Any CPU
	EndGlobalSection
	GlobalSection(ProjectConfigurationPlatforms) = postSolution
		{48E3BBEC-249B-4357-91FA-3734C2F741D0}.Debug|Any CPU.ActiveCfg = Debug|Any CPU
		{48E3BBEC-249B-4357-91FA-3734C2F741D0}.Debug|Any CPU.Build.0 = Debug|Any CPU
		{48E3BBEC-249B-4357-91FA-3734C2F741D0}.Release|Any CPU.ActiveCfg = Release|Any CPU
		{48E3BBEC-249B-4357-91FA-3734C2F741D0}.Release|Any CPU.Build.0 = Release|Any CPU
	EndGlobalSection
	GlobalSection(SolutionProperties) = preSolution
		HideSolutionNode = FALSE
	EndGlobalSection
	GlobalSection(ExtensibilityGlobals) = postSolution
		SolutionGuid = {ED15158A-8674-4E6F-B423-7CA2C23E1DD4}
	EndGlobalSection
EndGlobal
